
Microsoft Visual Studio Solution File, Format Version 12.00
# Visual Studio Version 16
VisualStudioVersion = 16.0.29326.143
MinimumVisualStudioVersion = 10.0.40219.1
Project("{9A19103F-16F7-4668-BE54-9A1E7A4F7556}") = "PortfolioManager.Common", "PortfolioManager.Common\PortfolioManager.Common.csproj", "{C754D5DE-F2D5-4E1D-999A-B2DEB7DDCE04}"
EndProject
Project("{9A19103F-16F7-4668-BE54-9A1E7A4F7556}") = "PortfolioManager.Web", "PortfolioManager.Web\PortfolioManager.Web.csproj", "{4C96B490-A234-4231-913E-5131712BDE5B}"
EndProject
Project("{FAE04EC0-301F-11D3-BF4B-00C04F79EFBC}") = "PortfolioManager.UI", "PortfolioManager.UI\PortfolioManager.UI.csproj", "{92F26883-8D8C-4F37-AEA2-09D5088A9390}"
EndProject
Project("{9A19103F-16F7-4668-BE54-9A1E7A4F7556}") = "PortfolioManager.Domain", "PortfolioManager.Domain\PortfolioManager.Domain.csproj", "{AC9C06DE-041D-4513-8F37-B2802EA402BF}"
EndProject
Project("{9A19103F-16F7-4668-BE54-9A1E7A4F7556}") = "PortfolioManager.EventStore", "PortfolioManager.EventStore\PortfolioManager.EventStore.csproj", "{22E528EF-35A3-4328-95CA-9E95DCBB87D2}"
EndProject
Project("{9A19103F-16F7-4668-BE54-9A1E7A4F7556}") = "PortfolioManager.EventStore.Mongodb", "PortfolioManager.EventStore.Mongodb\PortfolioManager.EventStore.Mongodb.csproj", "{47B02CD8-78C4-4EA6-A2E1-17419A115CF2}"
EndProject
Project("{9A19103F-16F7-4668-BE54-9A1E7A4F7556}") = "PortfolioManager.RestApi", "PortfolioManager.RestApi\PortfolioManager.RestApi.csproj", "{AAAC69BF-4B0B-4D23-AD83-6C53D6676740}"
EndProject
Project("{9A19103F-16F7-4668-BE54-9A1E7A4F7556}") = "PortfolioManager.DataServices", "PortfolioManager.DataServices\PortfolioManager.DataServices.csproj", "{9CDE7EA7-E555-432F-BD29-2DC7419AEB10}"
EndProject
Global
	GlobalSection(SolutionConfigurationPlatforms) = preSolution
		Debug|Any CPU = Debug|Any CPU
		Release|Any CPU = Release|Any CPU
	EndGlobalSection
	GlobalSection(ProjectConfigurationPlatforms) = postSolution
		{C754D5DE-F2D5-4E1D-999A-B2DEB7DDCE04}.Debug|Any CPU.ActiveCfg = Debug|Any CPU
		{C754D5DE-F2D5-4E1D-999A-B2DEB7DDCE04}.Debug|Any CPU.Build.0 = Debug|Any CPU
		{C754D5DE-F2D5-4E1D-999A-B2DEB7DDCE04}.Release|Any CPU.ActiveCfg = Release|Any CPU
		{C754D5DE-F2D5-4E1D-999A-B2DEB7DDCE04}.Release|Any CPU.Build.0 = Release|Any CPU
		{4C96B490-A234-4231-913E-5131712BDE5B}.Debug|Any CPU.ActiveCfg = Debug|Any CPU
		{4C96B490-A234-4231-913E-5131712BDE5B}.Debug|Any CPU.Build.0 = Debug|Any CPU
		{4C96B490-A234-4231-913E-5131712BDE5B}.Release|Any CPU.ActiveCfg = Release|Any CPU
		{4C96B490-A234-4231-913E-5131712BDE5B}.Release|Any CPU.Build.0 = Release|Any CPU
		{92F26883-8D8C-4F37-AEA2-09D5088A9390}.Debug|Any CPU.ActiveCfg = Debug|Any CPU
		{92F26883-8D8C-4F37-AEA2-09D5088A9390}.Debug|Any CPU.Build.0 = Debug|Any CPU
		{92F26883-8D8C-4F37-AEA2-09D5088A9390}.Release|Any CPU.ActiveCfg = Release|Any CPU
		{92F26883-8D8C-4F37-AEA2-09D5088A9390}.Release|Any CPU.Build.0 = Release|Any CPU
		{AC9C06DE-041D-4513-8F37-B2802EA402BF}.Debug|Any CPU.ActiveCfg = Debug|Any CPU
		{AC9C06DE-041D-4513-8F37-B2802EA402BF}.Debug|Any CPU.Build.0 = Debug|Any CPU
		{AC9C06DE-041D-4513-8F37-B2802EA402BF}.Release|Any CPU.ActiveCfg = Release|Any CPU
		{AC9C06DE-041D-4513-8F37-B2802EA402BF}.Release|Any CPU.Build.0 = Release|Any CPU
		{22E528EF-35A3-4328-95CA-9E95DCBB87D2}.Debug|Any CPU.ActiveCfg = Debug|Any CPU
		{22E528EF-35A3-4328-95CA-9E95DCBB87D2}.Debug|Any CPU.Build.0 = Debug|Any CPU
		{22E528EF-35A3-4328-95CA-9E95DCBB87D2}.Release|Any CPU.ActiveCfg = Release|Any CPU
		{22E528EF-35A3-4328-95CA-9E95DCBB87D2}.Release|Any CPU.Build.0 = Release|Any CPU
		{47B02CD8-78C4-4EA6-A2E1-17419A115CF2}.Debug|Any CPU.ActiveCfg = Debug|Any CPU
		{47B02CD8-78C4-4EA6-A2E1-17419A115CF2}.Debug|Any CPU.Build.0 = Debug|Any CPU
		{47B02CD8-78C4-4EA6-A2E1-17419A115CF2}.Release|Any CPU.ActiveCfg = Release|Any CPU
		{47B02CD8-78C4-4EA6-A2E1-17419A115CF2}.Release|Any CPU.Build.0 = Release|Any CPU
		{AAAC69BF-4B0B-4D23-AD83-6C53D6676740}.Debug|Any CPU.ActiveCfg = Debug|Any CPU
		{AAAC69BF-4B0B-4D23-AD83-6C53D6676740}.Debug|Any CPU.Build.0 = Debug|Any CPU
		{AAAC69BF-4B0B-4D23-AD83-6C53D6676740}.Release|Any CPU.ActiveCfg = Release|Any CPU
		{AAAC69BF-4B0B-4D23-AD83-6C53D6676740}.Release|Any CPU.Build.0 = Release|Any CPU
		{9CDE7EA7-E555-432F-BD29-2DC7419AEB10}.Debug|Any CPU.ActiveCfg = Debug|Any CPU
		{9CDE7EA7-E555-432F-BD29-2DC7419AEB10}.Debug|Any CPU.Build.0 = Debug|Any CPU
		{9CDE7EA7-E555-432F-BD29-2DC7419AEB10}.Release|Any CPU.ActiveCfg = Release|Any CPU
		{9CDE7EA7-E555-432F-BD29-2DC7419AEB10}.Release|Any CPU.Build.0 = Release|Any CPU
	EndGlobalSection
	GlobalSection(SolutionProperties) = preSolution
		HideSolutionNode = FALSE
	EndGlobalSection
	GlobalSection(ExtensibilityGlobals) = postSolution
		SolutionGuid = {C00E4DC8-4E98-4679-A500-84D42418A541}
	EndGlobalSection
	GlobalSection(Performance) = preSolution
		HasPerformanceSessions = true
	EndGlobalSection
	GlobalSection(Performance) = preSolution
		HasPerformanceSessions = true
	EndGlobalSection
EndGlobal
