
Microsoft Visual Studio Solution File, Format Version 12.00
# Visual Studio 15
VisualStudioVersion = 15.0.26430.14
MinimumVisualStudioVersion = 10.0.40219.1
Project("{FAE04EC0-301F-11D3-BF4B-00C04F79EFBC}") = "NUnitExtension", "NUnitExtension\NUnitExtension.csproj", "{0E4423E8-50EF-467B-9211-D59137B2BF19}"
EndProject
Project("{FAE04EC0-301F-11D3-BF4B-00C04F79EFBC}") = "PortfolioManager.UI", "PortfolioManager.UI\PortfolioManager.UI.csproj", "{F23ACD78-F12C-451A-8DF7-37F1AA75BD89}"
EndProject
Project("{FAE04EC0-301F-11D3-BF4B-00C04F79EFBC}") = "PortfolioManager.Common", "PortfolioManager.Common\PortfolioManager.Common.csproj", "{4967C9E7-62F3-4C6C-BA97-5F6A569F0CF3}"
EndProject
Project("{FAE04EC0-301F-11D3-BF4B-00C04F79EFBC}") = "PortfolioManager.Data", "PortfolioManager.Data\PortfolioManager.Data.csproj", "{B13CE328-F1C2-4096-8F1E-9A6E477C727D}"
EndProject
Project("{FAE04EC0-301F-11D3-BF4B-00C04F79EFBC}") = "PortfolioManager.Data.SQLite", "PortfolioManager.Data.SQLite\PortfolioManager.Data.SQLite.csproj", "{E1040A1E-3126-4442-93AA-FEBCAA649FE3}"
EndProject
Project("{FAE04EC0-301F-11D3-BF4B-00C04F79EFBC}") = "PortfolioManager.Service", "PortfolioManager.Service\PortfolioManager.Service.csproj", "{32F20D88-8D6B-4D82-85C0-129C848391DA}"
EndProject
Project("{9A19103F-16F7-4668-BE54-9A1E7A4F7556}") = "PortfolioManager.Web", "PortfolioManager.Web\PortfolioManager.Web.csproj", "{9E5C462D-1776-4357-ABB2-D50957F1398D}"
EndProject
Global
	GlobalSection(SolutionConfigurationPlatforms) = preSolution
		Debug|Any CPU = Debug|Any CPU
		Release|Any CPU = Release|Any CPU
	EndGlobalSection
	GlobalSection(ProjectConfigurationPlatforms) = postSolution
		{0E4423E8-50EF-467B-9211-D59137B2BF19}.Debug|Any CPU.ActiveCfg = Debug|Any CPU
		{0E4423E8-50EF-467B-9211-D59137B2BF19}.Debug|Any CPU.Build.0 = Debug|Any CPU
		{0E4423E8-50EF-467B-9211-D59137B2BF19}.Release|Any CPU.ActiveCfg = Release|Any CPU
		{0E4423E8-50EF-467B-9211-D59137B2BF19}.Release|Any CPU.Build.0 = Release|Any CPU
		{F23ACD78-F12C-451A-8DF7-37F1AA75BD89}.Debug|Any CPU.ActiveCfg = Debug|Any CPU
		{F23ACD78-F12C-451A-8DF7-37F1AA75BD89}.Debug|Any CPU.Build.0 = Debug|Any CPU
		{F23ACD78-F12C-451A-8DF7-37F1AA75BD89}.Release|Any CPU.ActiveCfg = Release|Any CPU
		{F23ACD78-F12C-451A-8DF7-37F1AA75BD89}.Release|Any CPU.Build.0 = Release|Any CPU
		{4967C9E7-62F3-4C6C-BA97-5F6A569F0CF3}.Debug|Any CPU.ActiveCfg = Debug|Any CPU
		{4967C9E7-62F3-4C6C-BA97-5F6A569F0CF3}.Debug|Any CPU.Build.0 = Debug|Any CPU
		{4967C9E7-62F3-4C6C-BA97-5F6A569F0CF3}.Release|Any CPU.ActiveCfg = Release|Any CPU
		{4967C9E7-62F3-4C6C-BA97-5F6A569F0CF3}.Release|Any CPU.Build.0 = Release|Any CPU
		{B13CE328-F1C2-4096-8F1E-9A6E477C727D}.Debug|Any CPU.ActiveCfg = Debug|Any CPU
		{B13CE328-F1C2-4096-8F1E-9A6E477C727D}.Debug|Any CPU.Build.0 = Debug|Any CPU
		{B13CE328-F1C2-4096-8F1E-9A6E477C727D}.Release|Any CPU.ActiveCfg = Release|Any CPU
		{B13CE328-F1C2-4096-8F1E-9A6E477C727D}.Release|Any CPU.Build.0 = Release|Any CPU
		{E1040A1E-3126-4442-93AA-FEBCAA649FE3}.Debug|Any CPU.ActiveCfg = Debug|Any CPU
		{E1040A1E-3126-4442-93AA-FEBCAA649FE3}.Debug|Any CPU.Build.0 = Debug|Any CPU
		{E1040A1E-3126-4442-93AA-FEBCAA649FE3}.Release|Any CPU.ActiveCfg = Release|Any CPU
		{E1040A1E-3126-4442-93AA-FEBCAA649FE3}.Release|Any CPU.Build.0 = Release|Any CPU
		{32F20D88-8D6B-4D82-85C0-129C848391DA}.Debug|Any CPU.ActiveCfg = Debug|Any CPU
		{32F20D88-8D6B-4D82-85C0-129C848391DA}.Debug|Any CPU.Build.0 = Debug|Any CPU
		{32F20D88-8D6B-4D82-85C0-129C848391DA}.Release|Any CPU.ActiveCfg = Release|Any CPU
		{32F20D88-8D6B-4D82-85C0-129C848391DA}.Release|Any CPU.Build.0 = Release|Any CPU
		{9E5C462D-1776-4357-ABB2-D50957F1398D}.Debug|Any CPU.ActiveCfg = Debug|Any CPU
		{9E5C462D-1776-4357-ABB2-D50957F1398D}.Debug|Any CPU.Build.0 = Debug|Any CPU
		{9E5C462D-1776-4357-ABB2-D50957F1398D}.Release|Any CPU.ActiveCfg = Release|Any CPU
		{9E5C462D-1776-4357-ABB2-D50957F1398D}.Release|Any CPU.Build.0 = Release|Any CPU
	EndGlobalSection
	GlobalSection(SolutionProperties) = preSolution
		HideSolutionNode = FALSE
	EndGlobalSection
EndGlobal
