
Microsoft Visual Studio Solution File, Format Version 12.00
# Visual Studio 15
VisualStudioVersion = 15.0.27130.2036
MinimumVisualStudioVersion = 10.0.40219.1
Project("{9A19103F-16F7-4668-BE54-9A1E7A4F7556}") = "PortfolioManager.Common", "PortfolioManager.Common\PortfolioManager.Common.csproj", "{C754D5DE-F2D5-4E1D-999A-B2DEB7DDCE04}"
EndProject
Project("{9A19103F-16F7-4668-BE54-9A1E7A4F7556}") = "PortfolioManager.Data", "PortfolioManager.Data\PortfolioManager.Data.csproj", "{E268C3E6-7377-4492-9B4A-576AF5BAFA4C}"
EndProject
Project("{9A19103F-16F7-4668-BE54-9A1E7A4F7556}") = "PortfolioManager.Data.SQLite", "PortfolioManager.Data.SQLite\PortfolioManager.Data.SQLite.csproj", "{8A56B78D-3BBE-4B73-932B-E8BD78702817}"
EndProject
Project("{9A19103F-16F7-4668-BE54-9A1E7A4F7556}") = "PortfolioManager.Service", "PortfolioManager.Service\PortfolioManager.Service.csproj", "{6F59BE81-1E14-4454-9C3E-6CC0A586A6C2}"
EndProject
Project("{9A19103F-16F7-4668-BE54-9A1E7A4F7556}") = "PortfolioManager.Web", "PortfolioManager.Web\PortfolioManager.Web.csproj", "{4C96B490-A234-4231-913E-5131712BDE5B}"
EndProject
Project("{FAE04EC0-301F-11D3-BF4B-00C04F79EFBC}") = "PortfolioManager.UI", "PortfolioManager.UI\PortfolioManager.UI.csproj", "{92F26883-8D8C-4F37-AEA2-09D5088A9390}"
EndProject
Project("{9A19103F-16F7-4668-BE54-9A1E7A4F7556}") = "PortfolioManager.ImportData", "PortfolioManager.ImportData\PortfolioManager.ImportData.csproj", "{020361D4-4C03-4D69-9013-2F57F66B1B3F}"
EndProject
Project("{9A19103F-16F7-4668-BE54-9A1E7A4F7556}") = "PortfolioManager.Test", "PortfolioManager.Test\PortfolioManager.Test.csproj", "{246A1222-9C9E-4616-BD29-2755A7CD5D20}"
EndProject
Project("{9A19103F-16F7-4668-BE54-9A1E7A4F7556}") = "PortfolioManager.Domain", "PortfolioManager.Domain\PortfolioManager.Domain.csproj", "{AC9C06DE-041D-4513-8F37-B2802EA402BF}"
EndProject
Project("{9A19103F-16F7-4668-BE54-9A1E7A4F7556}") = "PortfolioManager.Temp", "PortfolioManager.Temp\PortfolioManager.Temp.csproj", "{8510BF3D-F853-4C6E-BEBF-DEF189B07B9E}"
EndProject
Project("{9A19103F-16F7-4668-BE54-9A1E7A4F7556}") = "PortfolioManager.EventStore", "PortfolioManager.EventStore\PortfolioManager.EventStore.csproj", "{22E528EF-35A3-4328-95CA-9E95DCBB87D2}"
EndProject
Project("{FAE04EC0-301F-11D3-BF4B-00C04F79EFBC}") = "LoadTest", "LoadTest\LoadTest.csproj", "{68438BB9-FB49-46BA-80D0-C58338618DC6}"
EndProject
Global
	GlobalSection(SolutionConfigurationPlatforms) = preSolution
		Debug|Any CPU = Debug|Any CPU
		Release|Any CPU = Release|Any CPU
	EndGlobalSection
	GlobalSection(ProjectConfigurationPlatforms) = postSolution
		{C754D5DE-F2D5-4E1D-999A-B2DEB7DDCE04}.Debug|Any CPU.ActiveCfg = Debug|Any CPU
		{C754D5DE-F2D5-4E1D-999A-B2DEB7DDCE04}.Debug|Any CPU.Build.0 = Debug|Any CPU
		{C754D5DE-F2D5-4E1D-999A-B2DEB7DDCE04}.Release|Any CPU.ActiveCfg = Release|Any CPU
		{C754D5DE-F2D5-4E1D-999A-B2DEB7DDCE04}.Release|Any CPU.Build.0 = Release|Any CPU
		{E268C3E6-7377-4492-9B4A-576AF5BAFA4C}.Debug|Any CPU.ActiveCfg = Debug|Any CPU
		{E268C3E6-7377-4492-9B4A-576AF5BAFA4C}.Debug|Any CPU.Build.0 = Debug|Any CPU
		{E268C3E6-7377-4492-9B4A-576AF5BAFA4C}.Release|Any CPU.ActiveCfg = Release|Any CPU
		{E268C3E6-7377-4492-9B4A-576AF5BAFA4C}.Release|Any CPU.Build.0 = Release|Any CPU
		{8A56B78D-3BBE-4B73-932B-E8BD78702817}.Debug|Any CPU.ActiveCfg = Debug|Any CPU
		{8A56B78D-3BBE-4B73-932B-E8BD78702817}.Debug|Any CPU.Build.0 = Debug|Any CPU
		{8A56B78D-3BBE-4B73-932B-E8BD78702817}.Release|Any CPU.ActiveCfg = Release|Any CPU
		{8A56B78D-3BBE-4B73-932B-E8BD78702817}.Release|Any CPU.Build.0 = Release|Any CPU
		{6F59BE81-1E14-4454-9C3E-6CC0A586A6C2}.Debug|Any CPU.ActiveCfg = Debug|Any CPU
		{6F59BE81-1E14-4454-9C3E-6CC0A586A6C2}.Debug|Any CPU.Build.0 = Debug|Any CPU
		{6F59BE81-1E14-4454-9C3E-6CC0A586A6C2}.Release|Any CPU.ActiveCfg = Release|Any CPU
		{6F59BE81-1E14-4454-9C3E-6CC0A586A6C2}.Release|Any CPU.Build.0 = Release|Any CPU
		{4C96B490-A234-4231-913E-5131712BDE5B}.Debug|Any CPU.ActiveCfg = Debug|Any CPU
		{4C96B490-A234-4231-913E-5131712BDE5B}.Debug|Any CPU.Build.0 = Debug|Any CPU
		{4C96B490-A234-4231-913E-5131712BDE5B}.Release|Any CPU.ActiveCfg = Release|Any CPU
		{4C96B490-A234-4231-913E-5131712BDE5B}.Release|Any CPU.Build.0 = Release|Any CPU
		{92F26883-8D8C-4F37-AEA2-09D5088A9390}.Debug|Any CPU.ActiveCfg = Debug|Any CPU
		{92F26883-8D8C-4F37-AEA2-09D5088A9390}.Debug|Any CPU.Build.0 = Debug|Any CPU
		{92F26883-8D8C-4F37-AEA2-09D5088A9390}.Release|Any CPU.ActiveCfg = Release|Any CPU
		{92F26883-8D8C-4F37-AEA2-09D5088A9390}.Release|Any CPU.Build.0 = Release|Any CPU
		{020361D4-4C03-4D69-9013-2F57F66B1B3F}.Debug|Any CPU.ActiveCfg = Debug|Any CPU
		{020361D4-4C03-4D69-9013-2F57F66B1B3F}.Debug|Any CPU.Build.0 = Debug|Any CPU
		{020361D4-4C03-4D69-9013-2F57F66B1B3F}.Release|Any CPU.ActiveCfg = Release|Any CPU
		{020361D4-4C03-4D69-9013-2F57F66B1B3F}.Release|Any CPU.Build.0 = Release|Any CPU
		{246A1222-9C9E-4616-BD29-2755A7CD5D20}.Debug|Any CPU.ActiveCfg = Debug|Any CPU
		{246A1222-9C9E-4616-BD29-2755A7CD5D20}.Debug|Any CPU.Build.0 = Debug|Any CPU
		{246A1222-9C9E-4616-BD29-2755A7CD5D20}.Release|Any CPU.ActiveCfg = Release|Any CPU
		{246A1222-9C9E-4616-BD29-2755A7CD5D20}.Release|Any CPU.Build.0 = Release|Any CPU
		{AC9C06DE-041D-4513-8F37-B2802EA402BF}.Debug|Any CPU.ActiveCfg = Debug|Any CPU
		{AC9C06DE-041D-4513-8F37-B2802EA402BF}.Debug|Any CPU.Build.0 = Debug|Any CPU
		{AC9C06DE-041D-4513-8F37-B2802EA402BF}.Release|Any CPU.ActiveCfg = Release|Any CPU
		{AC9C06DE-041D-4513-8F37-B2802EA402BF}.Release|Any CPU.Build.0 = Release|Any CPU
		{8510BF3D-F853-4C6E-BEBF-DEF189B07B9E}.Debug|Any CPU.ActiveCfg = Debug|Any CPU
		{8510BF3D-F853-4C6E-BEBF-DEF189B07B9E}.Debug|Any CPU.Build.0 = Debug|Any CPU
		{8510BF3D-F853-4C6E-BEBF-DEF189B07B9E}.Release|Any CPU.ActiveCfg = Release|Any CPU
		{8510BF3D-F853-4C6E-BEBF-DEF189B07B9E}.Release|Any CPU.Build.0 = Release|Any CPU
		{22E528EF-35A3-4328-95CA-9E95DCBB87D2}.Debug|Any CPU.ActiveCfg = Debug|Any CPU
		{22E528EF-35A3-4328-95CA-9E95DCBB87D2}.Debug|Any CPU.Build.0 = Debug|Any CPU
		{22E528EF-35A3-4328-95CA-9E95DCBB87D2}.Release|Any CPU.ActiveCfg = Release|Any CPU
		{22E528EF-35A3-4328-95CA-9E95DCBB87D2}.Release|Any CPU.Build.0 = Release|Any CPU
		{68438BB9-FB49-46BA-80D0-C58338618DC6}.Debug|Any CPU.ActiveCfg = Debug|Any CPU
		{68438BB9-FB49-46BA-80D0-C58338618DC6}.Debug|Any CPU.Build.0 = Debug|Any CPU
		{68438BB9-FB49-46BA-80D0-C58338618DC6}.Release|Any CPU.ActiveCfg = Release|Any CPU
		{68438BB9-FB49-46BA-80D0-C58338618DC6}.Release|Any CPU.Build.0 = Release|Any CPU
	EndGlobalSection
	GlobalSection(SolutionProperties) = preSolution
		HideSolutionNode = FALSE
	EndGlobalSection
	GlobalSection(ExtensibilityGlobals) = postSolution
		SolutionGuid = {C00E4DC8-4E98-4679-A500-84D42418A541}
	EndGlobalSection
	GlobalSection(Performance) = preSolution
		HasPerformanceSessions = true
	EndGlobalSection
EndGlobal
